// !$*UTF8*$!
{
	archiveVersion = 1;
	classes = {
	};
	objectVersion = 50;
	objects = {

/* Begin PBXBuildFile section */
		9E232C1222DD6118009B0AC2 /* AppDelegate.swift in Sources */ = {isa = PBXBuildFile; fileRef = 9E232C1122DD6118009B0AC2 /* AppDelegate.swift */; };
		9E232C1422DD6118009B0AC2 /* ViewController.swift in Sources */ = {isa = PBXBuildFile; fileRef = 9E232C1322DD6118009B0AC2 /* ViewController.swift */; };
		9E232C1722DD6118009B0AC2 /* Main.storyboard in Resources */ = {isa = PBXBuildFile; fileRef = 9E232C1522DD6118009B0AC2 /* Main.storyboard */; };
		9E232C1922DD611F009B0AC2 /* Assets.xcassets in Resources */ = {isa = PBXBuildFile; fileRef = 9E232C1822DD611F009B0AC2 /* Assets.xcassets */; };
		9E232C1C22DD611F009B0AC2 /* LaunchScreen.storyboard in Resources */ = {isa = PBXBuildFile; fileRef = 9E232C1A22DD611F009B0AC2 /* LaunchScreen.storyboard */; };
		9E232C2722DD611F009B0AC2 /* TempConverterTests.swift in Sources */ = {isa = PBXBuildFile; fileRef = 9E232C2622DD611F009B0AC2 /* TempConverterTests.swift */; };
		9E232C3222DD611F009B0AC2 /* TempConverterUITests.swift in Sources */ = {isa = PBXBuildFile; fileRef = 9E232C3122DD611F009B0AC2 /* TempConverterUITests.swift */; };
		9E232C4022DD62FF009B0AC2 /* Page2.swift in Sources */ = {isa = PBXBuildFile; fileRef = 9E232C3F22DD62FE009B0AC2 /* Page2.swift */; };
/* End PBXBuildFile section */

/* Begin PBXContainerItemProxy section */
		9E232C2322DD611F009B0AC2 /* PBXContainerItemProxy */ = {
			isa = PBXContainerItemProxy;
			containerPortal = 9E232C0622DD6118009B0AC2 /* Project object */;
			proxyType = 1;
			remoteGlobalIDString = 9E232C0D22DD6118009B0AC2;
			remoteInfo = TempConverter;
		};
		9E232C2E22DD611F009B0AC2 /* PBXContainerItemProxy */ = {
			isa = PBXContainerItemProxy;
			containerPortal = 9E232C0622DD6118009B0AC2 /* Project object */;
			proxyType = 1;
			remoteGlobalIDString = 9E232C0D22DD6118009B0AC2;
			remoteInfo = TempConverter;
		};
/* End PBXContainerItemProxy section */

/* Begin PBXFileReference section */
		9E232C0E22DD6118009B0AC2 /* TempConverter.app */ = {isa = PBXFileReference; explicitFileType = wrapper.application; includeInIndex = 0; path = TempConverter.app; sourceTree = BUILT_PRODUCTS_DIR; };
		9E232C1122DD6118009B0AC2 /* AppDelegate.swift */ = {isa = PBXFileReference; lastKnownFileType = sourcecode.swift; path = AppDelegate.swift; sourceTree = "<group>"; };
		9E232C1322DD6118009B0AC2 /* ViewController.swift */ = {isa = PBXFileReference; lastKnownFileType = sourcecode.swift; path = ViewController.swift; sourceTree = "<group>"; };
		9E232C1622DD6118009B0AC2 /* Base */ = {isa = PBXFileReference; lastKnownFileType = file.storyboard; name = Base; path = Base.lproj/Main.storyboard; sourceTree = "<group>"; };
		9E232C1822DD611F009B0AC2 /* Assets.xcassets */ = {isa = PBXFileReference; lastKnownFileType = folder.assetcatalog; path = Assets.xcassets; sourceTree = "<group>"; };
		9E232C1B22DD611F009B0AC2 /* Base */ = {isa = PBXFileReference; lastKnownFileType = file.storyboard; name = Base; path = Base.lproj/LaunchScreen.storyboard; sourceTree = "<group>"; };
		9E232C1D22DD611F009B0AC2 /* Info.plist */ = {isa = PBXFileReference; lastKnownFileType = text.plist.xml; path = Info.plist; sourceTree = "<group>"; };
		9E232C2222DD611F009B0AC2 /* TempConverterTests.xctest */ = {isa = PBXFileReference; explicitFileType = wrapper.cfbundle; includeInIndex = 0; path = TempConverterTests.xctest; sourceTree = BUILT_PRODUCTS_DIR; };
		9E232C2622DD611F009B0AC2 /* TempConverterTests.swift */ = {isa = PBXFileReference; lastKnownFileType = sourcecode.swift; path = TempConverterTests.swift; sourceTree = "<group>"; };
		9E232C2822DD611F009B0AC2 /* Info.plist */ = {isa = PBXFileReference; lastKnownFileType = text.plist.xml; path = Info.plist; sourceTree = "<group>"; };
		9E232C2D22DD611F009B0AC2 /* TempConverterUITests.xctest */ = {isa = PBXFileReference; explicitFileType = wrapper.cfbundle; includeInIndex = 0; path = TempConverterUITests.xctest; sourceTree = BUILT_PRODUCTS_DIR; };
		9E232C3122DD611F009B0AC2 /* TempConverterUITests.swift */ = {isa = PBXFileReference; lastKnownFileType = sourcecode.swift; path = TempConverterUITests.swift; sourceTree = "<group>"; };
		9E232C3322DD611F009B0AC2 /* Info.plist */ = {isa = PBXFileReference; lastKnownFileType = text.plist.xml; path = Info.plist; sourceTree = "<group>"; };
		9E232C3F22DD62FE009B0AC2 /* Page2.swift */ = {isa = PBXFileReference; lastKnownFileType = sourcecode.swift; path = Page2.swift; sourceTree = "<group>"; };
/* End PBXFileReference section */

/* Begin PBXFrameworksBuildPhase section */
		9E232C0B22DD6118009B0AC2 /* Frameworks */ = {
			isa = PBXFrameworksBuildPhase;
			buildActionMask = 2147483647;
			files = (
			);
			runOnlyForDeploymentPostprocessing = 0;
		};
		9E232C1F22DD611F009B0AC2 /* Frameworks */ = {
			isa = PBXFrameworksBuildPhase;
			buildActionMask = 2147483647;
			files = (
			);
			runOnlyForDeploymentPostprocessing = 0;
		};
		9E232C2A22DD611F009B0AC2 /* Frameworks */ = {
			isa = PBXFrameworksBuildPhase;
			buildActionMask = 2147483647;
			files = (
			);
			runOnlyForDeploymentPostprocessing = 0;
		};
/* End PBXFrameworksBuildPhase section */

/* Begin PBXGroup section */
		9E232C0522DD6118009B0AC2 = {
			isa = PBXGroup;
			children = (
				9E232C1022DD6118009B0AC2 /* TempConverter */,
				9E232C2522DD611F009B0AC2 /* TempConverterTests */,
				9E232C3022DD611F009B0AC2 /* TempConverterUITests */,
				9E232C0F22DD6118009B0AC2 /* Products */,
			);
			sourceTree = "<group>";
		};
		9E232C0F22DD6118009B0AC2 /* Products */ = {
			isa = PBXGroup;
			children = (
				9E232C0E22DD6118009B0AC2 /* TempConverter.app */,
				9E232C2222DD611F009B0AC2 /* TempConverterTests.xctest */,
				9E232C2D22DD611F009B0AC2 /* TempConverterUITests.xctest */,
			);
			name = Products;
			sourceTree = "<group>";
		};
		9E232C1022DD6118009B0AC2 /* TempConverter */ = {
			isa = PBXGroup;
			children = (
				9E232C1122DD6118009B0AC2 /* AppDelegate.swift */,
				9E232C1322DD6118009B0AC2 /* ViewController.swift */,
				9E232C3F22DD62FE009B0AC2 /* Page2.swift */,
				9E232C1522DD6118009B0AC2 /* Main.storyboard */,
				9E232C1822DD611F009B0AC2 /* Assets.xcassets */,
				9E232C1A22DD611F009B0AC2 /* LaunchScreen.storyboard */,
				9E232C1D22DD611F009B0AC2 /* Info.plist */,
			);
			path = TempConverter;
			sourceTree = "<group>";
		};
		9E232C2522DD611F009B0AC2 /* TempConverterTests */ = {
			isa = PBXGroup;
			children = (
				9E232C2622DD611F009B0AC2 /* TempConverterTests.swift */,
				9E232C2822DD611F009B0AC2 /* Info.plist */,
			);
			path = TempConverterTests;
			sourceTree = "<group>";
		};
		9E232C3022DD611F009B0AC2 /* TempConverterUITests */ = {
			isa = PBXGroup;
			children = (
				9E232C3122DD611F009B0AC2 /* TempConverterUITests.swift */,
				9E232C3322DD611F009B0AC2 /* Info.plist */,
			);
			path = TempConverterUITests;
			sourceTree = "<group>";
		};
/* End PBXGroup section */

/* Begin PBXNativeTarget section */
		9E232C0D22DD6118009B0AC2 /* TempConverter */ = {
			isa = PBXNativeTarget;
			buildConfigurationList = 9E232C3622DD6120009B0AC2 /* Build configuration list for PBXNativeTarget "TempConverter" */;
			buildPhases = (
				9E232C0A22DD6118009B0AC2 /* Sources */,
				9E232C0B22DD6118009B0AC2 /* Frameworks */,
				9E232C0C22DD6118009B0AC2 /* Resources */,
			);
			buildRules = (
			);
			dependencies = (
			);
			name = TempConverter;
			productName = TempConverter;
			productReference = 9E232C0E22DD6118009B0AC2 /* TempConverter.app */;
			productType = "com.apple.product-type.application";
		};
		9E232C2122DD611F009B0AC2 /* TempConverterTests */ = {
			isa = PBXNativeTarget;
			buildConfigurationList = 9E232C3922DD6120009B0AC2 /* Build configuration list for PBXNativeTarget "TempConverterTests" */;
			buildPhases = (
				9E232C1E22DD611F009B0AC2 /* Sources */,
				9E232C1F22DD611F009B0AC2 /* Frameworks */,
				9E232C2022DD611F009B0AC2 /* Resources */,
			);
			buildRules = (
			);
			dependencies = (
				9E232C2422DD611F009B0AC2 /* PBXTargetDependency */,
			);
			name = TempConverterTests;
			productName = TempConverterTests;
			productReference = 9E232C2222DD611F009B0AC2 /* TempConverterTests.xctest */;
			productType = "com.apple.product-type.bundle.unit-test";
		};
		9E232C2C22DD611F009B0AC2 /* TempConverterUITests */ = {
			isa = PBXNativeTarget;
			buildConfigurationList = 9E232C3C22DD6120009B0AC2 /* Build configuration list for PBXNativeTarget "TempConverterUITests" */;
			buildPhases = (
				9E232C2922DD611F009B0AC2 /* Sources */,
				9E232C2A22DD611F009B0AC2 /* Frameworks */,
				9E232C2B22DD611F009B0AC2 /* Resources */,
			);
			buildRules = (
			);
			dependencies = (
				9E232C2F22DD611F009B0AC2 /* PBXTargetDependency */,
			);
			name = TempConverterUITests;
			productName = TempConverterUITests;
			productReference = 9E232C2D22DD611F009B0AC2 /* TempConverterUITests.xctest */;
			productType = "com.apple.product-type.bundle.ui-testing";
		};
/* End PBXNativeTarget section */

/* Begin PBXProject section */
		9E232C0622DD6118009B0AC2 /* Project object */ = {
			isa = PBXProject;
			attributes = {
				LastSwiftUpdateCheck = 0940;
				LastUpgradeCheck = 0940;
				ORGANIZATIONNAME = "Adwait Magikar";
				TargetAttributes = {
					9E232C0D22DD6118009B0AC2 = {
						CreatedOnToolsVersion = 9.4.1;
					};
					9E232C2122DD611F009B0AC2 = {
						CreatedOnToolsVersion = 9.4.1;
						TestTargetID = 9E232C0D22DD6118009B0AC2;
					};
					9E232C2C22DD611F009B0AC2 = {
						CreatedOnToolsVersion = 9.4.1;
						TestTargetID = 9E232C0D22DD6118009B0AC2;
					};
				};
			};
			buildConfigurationList = 9E232C0922DD6118009B0AC2 /* Build configuration list for PBXProject "TempConverter" */;
			compatibilityVersion = "Xcode 9.3";
			developmentRegion = en;
			hasScannedForEncodings = 0;
			knownRegions = (
				en,
				Base,
			);
			mainGroup = 9E232C0522DD6118009B0AC2;
			productRefGroup = 9E232C0F22DD6118009B0AC2 /* Products */;
			projectDirPath = "";
			projectRoot = "";
			targets = (
				9E232C0D22DD6118009B0AC2 /* TempConverter */,
				9E232C2122DD611F009B0AC2 /* TempConverterTests */,
				9E232C2C22DD611F009B0AC2 /* TempConverterUITests */,
			);
		};
/* End PBXProject section */

/* Begin PBXResourcesBuildPhase section */
		9E232C0C22DD6118009B0AC2 /* Resources */ = {
			isa = PBXResourcesBuildPhase;
			buildActionMask = 2147483647;
			files = (
				9E232C1C22DD611F009B0AC2 /* LaunchScreen.storyboard in Resources */,
				9E232C1922DD611F009B0AC2 /* Assets.xcassets in Resources */,
				9E232C1722DD6118009B0AC2 /* Main.storyboard in Resources */,
			);
			runOnlyForDeploymentPostprocessing = 0;
		};
		9E232C2022DD611F009B0AC2 /* Resources */ = {
			isa = PBXResourcesBuildPhase;
			buildActionMask = 2147483647;
			files = (
			);
			runOnlyForDeploymentPostprocessing = 0;
		};
		9E232C2B22DD611F009B0AC2 /* Resources */ = {
			isa = PBXResourcesBuildPhase;
			buildActionMask = 2147483647;
			files = (
			);
			runOnlyForDeploymentPostprocessing = 0;
		};
/* End PBXResourcesBuildPhase section */

/* Begin PBXSourcesBuildPhase section */
		9E232C0A22DD6118009B0AC2 /* Sources */ = {
			isa = PBXSourcesBuildPhase;
			buildActionMask = 2147483647;
			files = (
				9E232C1422DD6118009B0AC2 /* ViewController.swift in Sources */,
				9E232C1222DD6118009B0AC2 /* AppDelegate.swift in Sources */,
				9E232C4022DD62FF009B0AC2 /* Page2.swift in Sources */,
			);
			runOnlyForDeploymentPostprocessing = 0;
		};
		9E232C1E22DD611F009B0AC2 /* Sources */ = {
			isa = PBXSourcesBuildPhase;
			buildActionMask = 2147483647;
			files = (
				9E232C2722DD611F009B0AC2 /* TempConverterTests.swift in Sources */,
			);
			runOnlyForDeploymentPostprocessing = 0;
		};
		9E232C2922DD611F009B0AC2 /* Sources */ = {
			isa = PBXSourcesBuildPhase;
			buildActionMask = 2147483647;
			files = (
				9E232C3222DD611F009B0AC2 /* TempConverterUITests.swift in Sources */,
			);
			runOnlyForDeploymentPostprocessing = 0;
		};
/* End PBXSourcesBuildPhase section */

/* Begin PBXTargetDependency section */
		9E232C2422DD611F009B0AC2 /* PBXTargetDependency */ = {
			isa = PBXTargetDependency;
			target = 9E232C0D22DD6118009B0AC2 /* TempConverter */;
			targetProxy = 9E232C2322DD611F009B0AC2 /* PBXContainerItemProxy */;
		};
		9E232C2F22DD611F009B0AC2 /* PBXTargetDependency */ = {
			isa = PBXTargetDependency;
			target = 9E232C0D22DD6118009B0AC2 /* TempConverter */;
			targetProxy = 9E232C2E22DD611F009B0AC2 /* PBXContainerItemProxy */;
		};
/* End PBXTargetDependency section */

/* Begin PBXVariantGroup section */
		9E232C1522DD6118009B0AC2 /* Main.storyboard */ = {
			isa = PBXVariantGroup;
			children = (
				9E232C1622DD6118009B0AC2 /* Base */,
			);
			name = Main.storyboard;
			sourceTree = "<group>";
		};
		9E232C1A22DD611F009B0AC2 /* LaunchScreen.storyboard */ = {
			isa = PBXVariantGroup;
			children = (
				9E232C1B22DD611F009B0AC2 /* Base */,
			);
			name = LaunchScreen.storyboard;
			sourceTree = "<group>";
		};
/* End PBXVariantGroup section */

/* Begin XCBuildConfiguration section */
		9E232C3422DD6120009B0AC2 /* Debug */ = {
			isa = XCBuildConfiguration;
			buildSettings = {
				ALWAYS_SEARCH_USER_PATHS = NO;
				CLANG_ANALYZER_NONNULL = YES;
				CLANG_ANALYZER_NUMBER_OBJECT_CONVERSION = YES_AGGRESSIVE;
				CLANG_CXX_LANGUAGE_STANDARD = "gnu++14";
				CLANG_CXX_LIBRARY = "libc++";
				CLANG_ENABLE_MODULES = YES;
				CLANG_ENABLE_OBJC_ARC = YES;
				CLANG_ENABLE_OBJC_WEAK = YES;
				CLANG_WARN_BLOCK_CAPTURE_AUTORELEASING = YES;
				CLANG_WARN_BOOL_CONVERSION = YES;
				CLANG_WARN_COMMA = YES;
				CLANG_WARN_CONSTANT_CONVERSION = YES;
				CLANG_WARN_DEPRECATED_OBJC_IMPLEMENTATIONS = YES;
				CLANG_WARN_DIRECT_OBJC_ISA_USAGE = YES_ERROR;
				CLANG_WARN_DOCUMENTATION_COMMENTS = YES;
				CLANG_WARN_EMPTY_BODY = YES;
				CLANG_WARN_ENUM_CONVERSION = YES;
				CLANG_WARN_INFINITE_RECURSION = YES;
				CLANG_WARN_INT_CONVERSION = YES;
				CLANG_WARN_NON_LITERAL_NULL_CONVERSION = YES;
				CLANG_WARN_OBJC_IMPLICIT_RETAIN_SELF = YES;
				CLANG_WARN_OBJC_LITERAL_CONVERSION = YES;
				CLANG_WARN_OBJC_ROOT_CLASS = YES_ERROR;
				CLANG_WARN_RANGE_LOOP_ANALYSIS = YES;
				CLANG_WARN_STRICT_PROTOTYPES = YES;
				CLANG_WARN_SUSPICIOUS_MOVE = YES;
				CLANG_WARN_UNGUARDED_AVAILABILITY = YES_AGGRESSIVE;
				CLANG_WARN_UNREACHABLE_CODE = YES;
				CLANG_WARN__DUPLICATE_METHOD_MATCH = YES;
				CODE_SIGN_IDENTITY = "iPhone Developer";
				COPY_PHASE_STRIP = NO;
				DEBUG_INFORMATION_FORMAT = dwarf;
				ENABLE_STRICT_OBJC_MSGSEND = YES;
				ENABLE_TESTABILITY = YES;
				GCC_C_LANGUAGE_STANDARD = gnu11;
				GCC_DYNAMIC_NO_PIC = NO;
				GCC_NO_COMMON_BLOCKS = YES;
				GCC_OPTIMIZATION_LEVEL = 0;
				GCC_PREPROCESSOR_DEFINITIONS = (
					"DEBUG=1",
					"$(inherited)",
				);
				GCC_WARN_64_TO_32_BIT_CONVERSION = YES;
				GCC_WARN_ABOUT_RETURN_TYPE = YES_ERROR;
				GCC_WARN_UNDECLARED_SELECTOR = YES;
				GCC_WARN_UNINITIALIZED_AUTOS = YES_AGGRESSIVE;
				GCC_WARN_UNUSED_FUNCTION = YES;
				GCC_WARN_UNUSED_VARIABLE = YES;
				IPHONEOS_DEPLOYMENT_TARGET = 11.4;
				MTL_ENABLE_DEBUG_INFO = YES;
				ONLY_ACTIVE_ARCH = YES;
				SDKROOT = iphoneos;
				SWIFT_ACTIVE_COMPILATION_CONDITIONS = DEBUG;
				SWIFT_OPTIMIZATION_LEVEL = "-Onone";
			};
			name = Debug;
		};
		9E232C3522DD6120009B0AC2 /* Release */ = {
			isa = XCBuildConfiguration;
			buildSettings = {
				ALWAYS_SEARCH_USER_PATHS = NO;
				CLANG_ANALYZER_NONNULL = YES;
				CLANG_ANALYZER_NUMBER_OBJECT_CONVERSION = YES_AGGRESSIVE;
				CLANG_CXX_LANGUAGE_STANDARD = "gnu++14";
				CLANG_CXX_LIBRARY = "libc++";
				CLANG_ENABLE_MODULES = YES;
				CLANG_ENABLE_OBJC_ARC = YES;
				CLANG_ENABLE_OBJC_WEAK = YES;
				CLANG_WARN_BLOCK_CAPTURE_AUTORELEASING = YES;
				CLANG_WARN_BOOL_CONVERSION = YES;
				CLANG_WARN_COMMA = YES;
				CLANG_WARN_CONSTANT_CONVERSION = YES;
				CLANG_WARN_DEPRECATED_OBJC_IMPLEMENTATIONS = YES;
				CLANG_WARN_DIRECT_OBJC_ISA_USAGE = YES_ERROR;
				CLANG_WARN_DOCUMENTATION_COMMENTS = YES;
				CLANG_WARN_EMPTY_BODY = YES;
				CLANG_WARN_ENUM_CONVERSION = YES;
				CLANG_WARN_INFINITE_RECURSION = YES;
				CLANG_WARN_INT_CONVERSION = YES;
				CLANG_WARN_NON_LITERAL_NULL_CONVERSION = YES;
				CLANG_WARN_OBJC_IMPLICIT_RETAIN_SELF = YES;
				CLANG_WARN_OBJC_LITERAL_CONVERSION = YES;
				CLANG_WARN_OBJC_ROOT_CLASS = YES_ERROR;
				CLANG_WARN_RANGE_LOOP_ANALYSIS = YES;
				CLANG_WARN_STRICT_PROTOTYPES = YES;
				CLANG_WARN_SUSPICIOUS_MOVE = YES;
				CLANG_WARN_UNGUARDED_AVAILABILITY = YES_AGGRESSIVE;
				CLANG_WARN_UNREACHABLE_CODE = YES;
				CLANG_WARN__DUPLICATE_METHOD_MATCH = YES;
				CODE_SIGN_IDENTITY = "iPhone Developer";
				COPY_PHASE_STRIP = NO;
				DEBUG_INFORMATION_FORMAT = "dwarf-with-dsym";
				ENABLE_NS_ASSERTIONS = NO;
				ENABLE_STRICT_OBJC_MSGSEND = YES;
				GCC_C_LANGUAGE_STANDARD = gnu11;
				GCC_NO_COMMON_BLOCKS = YES;
				GCC_WARN_64_TO_32_BIT_CONVERSION = YES;
				GCC_WARN_ABOUT_RETURN_TYPE = YES_ERROR;
				GCC_WARN_UNDECLARED_SELECTOR = YES;
				GCC_WARN_UNINITIALIZED_AUTOS = YES_AGGRESSIVE;
				GCC_WARN_UNUSED_FUNCTION = YES;
				GCC_WARN_UNUSED_VARIABLE = YES;
				IPHONEOS_DEPLOYMENT_TARGET = 11.4;
				MTL_ENABLE_DEBUG_INFO = NO;
				SDKROOT = iphoneos;
				SWIFT_COMPILATION_MODE = wholemodule;
				SWIFT_OPTIMIZATION_LEVEL = "-O";
				VALIDATE_PRODUCT = YES;
			};
			name = Release;
		};
		9E232C3722DD6120009B0AC2 /* Debug */ = {
			isa = XCBuildConfiguration;
			buildSettings = {
				ASSETCATALOG_COMPILER_APPICON_NAME = AppIcon;
				CODE_SIGN_STYLE = Automatic;
				INFOPLIST_FILE = TempConverter/Info.plist;
				LD_RUNPATH_SEARCH_PATHS = (
					"$(inherited)",
					"@executable_path/Frameworks",
				);
				PRODUCT_BUNDLE_IDENTIFIER = Adwait.TempConverter;
				PRODUCT_NAME = "$(TARGET_NAME)";
				SWIFT_VERSION = 4.0;
				TARGETED_DEVICE_FAMILY = "1,2";
			};
			name = Debug;
		};
		9E232C3822DD6120009B0AC2 /* Release */ = {
			isa = XCBuildConfiguration;
			buildSettings = {
				ASSETCATALOG_COMPILER_APPICON_NAME = AppIcon;
				CODE_SIGN_STYLE = Automatic;
				INFOPLIST_FILE = TempConverter/Info.plist;
				LD_RUNPATH_SEARCH_PATHS = (
					"$(inherited)",
					"@executable_path/Frameworks",
				);
				PRODUCT_BUNDLE_IDENTIFIER = Adwait.TempConverter;
				PRODUCT_NAME = "$(TARGET_NAME)";
				SWIFT_VERSION = 4.0;
				TARGETED_DEVICE_FAMILY = "1,2";
			};
			name = Release;
		};
		9E232C3A22DD6120009B0AC2 /* Debug */ = {
			isa = XCBuildConfiguration;
			buildSettings = {
				ALWAYS_EMBED_SWIFT_STANDARD_LIBRARIES = YES;
				BUNDLE_LOADER = "$(TEST_HOST)";
				CODE_SIGN_STYLE = Automatic;
				INFOPLIST_FILE = TempConverterTests/Info.plist;
				LD_RUNPATH_SEARCH_PATHS = (
					"$(inherited)",
					"@executable_path/Frameworks",
					"@loader_path/Frameworks",
				);
				PRODUCT_BUNDLE_IDENTIFIER = Adwait.TempConverterTests;
				PRODUCT_NAME = "$(TARGET_NAME)";
				SWIFT_VERSION = 4.0;
				TARGETED_DEVICE_FAMILY = "1,2";
				TEST_HOST = "$(BUILT_PRODUCTS_DIR)/TempConverter.app/TempConverter";
			};
			name = Debug;
		};
		9E232C3B22DD6120009B0AC2 /* Release */ = {
			isa = XCBuildConfiguration;
			buildSettings = {
				ALWAYS_EMBED_SWIFT_STANDARD_LIBRARIES = YES;
				BUNDLE_LOADER = "$(TEST_HOST)";
				CODE_SIGN_STYLE = Automatic;
				INFOPLIST_FILE = TempConverterTests/Info.plist;
				LD_RUNPATH_SEARCH_PATHS = (
					"$(inherited)",
					"@executable_path/Frameworks",
					"@loader_path/Frameworks",
				);
				PRODUCT_BUNDLE_IDENTIFIER = Adwait.TempConverterTests;
				PRODUCT_NAME = "$(TARGET_NAME)";
				SWIFT_VERSION = 4.0;
				TARGETED_DEVICE_FAMILY = "1,2";
				TEST_HOST = "$(BUILT_PRODUCTS_DIR)/TempConverter.app/TempConverter";
			};
			name = Release;
		};
		9E232C3D22DD6120009B0AC2 /* Debug */ = {
			isa = XCBuildConfiguration;
			buildSettings = {
				ALWAYS_EMBED_SWIFT_STANDARD_LIBRARIES = YES;
				CODE_SIGN_STYLE = Automatic;
				INFOPLIST_FILE = TempConverterUITests/Info.plist;
				LD_RUNPATH_SEARCH_PATHS = (
					"$(inherited)",
					"@executable_path/Frameworks",
					"@loader_path/Frameworks",
				);
				PRODUCT_BUNDLE_IDENTIFIER = Adwait.TempConverterUITests;
				PRODUCT_NAME = "$(TARGET_NAME)";
				SWIFT_VERSION = 4.0;
				TARGETED_DEVICE_FAMILY = "1,2";
				TEST_TARGET_NAME = TempConverter;
			};
			name = Debug;
		};
		9E232C3E22DD6120009B0AC2 /* Release */ = {
			isa = XCBuildConfiguration;
			buildSettings = {
				ALWAYS_EMBED_SWIFT_STANDARD_LIBRARIES = YES;
				CODE_SIGN_STYLE = Automatic;
				INFOPLIST_FILE = TempConverterUITests/Info.plist;
				LD_RUNPATH_SEARCH_PATHS = (
					"$(inherited)",
					"@executable_path/Frameworks",
					"@loader_path/Frameworks",
				);
				PRODUCT_BUNDLE_IDENTIFIER = Adwait.TempConverterUITests;
				PRODUCT_NAME = "$(TARGET_NAME)";
				SWIFT_VERSION = 4.0;
				TARGETED_DEVICE_FAMILY = "1,2";
				TEST_TARGET_NAME = TempConverter;
			};
			name = Release;
		};
/* End XCBuildConfiguration section */

/* Begin XCConfigurationList section */
		9E232C0922DD6118009B0AC2 /* Build configuration list for PBXProject "TempConverter" */ = {
			isa = XCConfigurationList;
			buildConfigurations = (
				9E232C3422DD6120009B0AC2 /* Debug */,
				9E232C3522DD6120009B0AC2 /* Release */,
			);
			defaultConfigurationIsVisible = 0;
			defaultConfigurationName = Release;
		};
		9E232C3622DD6120009B0AC2 /* Build configuration list for PBXNativeTarget "TempConverter" */ = {
			isa = XCConfigurationList;
			buildConfigurations = (
				9E232C3722DD6120009B0AC2 /* Debug */,
				9E232C3822DD6120009B0AC2 /* Release */,
			);
			defaultConfigurationIsVisible = 0;
			defaultConfigurationName = Release;
		};
		9E232C3922DD6120009B0AC2 /* Build configuration list for PBXNativeTarget "TempConverterTests" */ = {
			isa = XCConfigurationList;
			buildConfigurations = (
				9E232C3A22DD6120009B0AC2 /* Debug */,
				9E232C3B22DD6120009B0AC2 /* Release */,
			);
			defaultConfigurationIsVisible = 0;
			defaultConfigurationName = Release;
		};
		9E232C3C22DD6120009B0AC2 /* Build configuration list for PBXNativeTarget "TempConverterUITests" */ = {
			isa = XCConfigurationList;
			buildConfigurations = (
				9E232C3D22DD6120009B0AC2 /* Debug */,
				9E232C3E22DD6120009B0AC2 /* Release */,
			);
			defaultConfigurationIsVisible = 0;
			defaultConfigurationName = Release;
		};
/* End XCConfigurationList section */
	};
	rootObject = 9E232C0622DD6118009B0AC2 /* Project object */;
}
